
Microsoft Visual Studio Solution File, Format Version 12.00
# Visual Studio Version 17
VisualStudioVersion = 17.3.32825.248
MinimumVisualStudioVersion = 10.0.40219.1
Project("{FAE04EC0-301F-11D3-BF4B-00C04F79EFBC}") = "PROG_Systems", "PROG_Systems\PROG_Systems.csproj", "{1E35FB11-50F7-46AC-B3D7-6F0DAA604F4D}"
EndProject
Global
	GlobalSection(SolutionConfigurationPlatforms) = preSolution
		Debug|Any CPU = Debug|Any CPU
		Release|Any CPU = Release|Any CPU
	EndGlobalSection
	GlobalSection(ProjectConfigurationPlatforms) = postSolution
		{1E35FB11-50F7-46AC-B3D7-6F0DAA604F4D}.Debug|Any CPU.ActiveCfg = Debug|Any CPU
		{1E35FB11-50F7-46AC-B3D7-6F0DAA604F4D}.Debug|Any CPU.Build.0 = Debug|Any CPU
		{1E35FB11-50F7-46AC-B3D7-6F0DAA604F4D}.Release|Any CPU.ActiveCfg = Release|Any CPU
		{1E35FB11-50F7-46AC-B3D7-6F0DAA604F4D}.Release|Any CPU.Build.0 = Release|Any CPU
	EndGlobalSection
	GlobalSection(SolutionProperties) = preSolution
		HideSolutionNode = FALSE
	EndGlobalSection
	GlobalSection(ExtensibilityGlobals) = postSolution
		SolutionGuid = {E6732330-A2AB-475A-B2E7-0F9DDE78FB6C}
	EndGlobalSection
EndGlobal
